{
  "nodes": {
    "common": {
      "inputs": {
        "nixpkgs": [
          "nixpkgs"
        ]
      },
      "locked": {
        "dir": "common",
        "lastModified": 1675933761,
        "narHash": "sha256-xCPnmYo+YDjAR3e3j11LzvOmXintkZjlZaEWWGJOc1E=",
        "owner": "stary2001",
        "repo": "nix-flakes",
        "rev": "9843d99260d4010373a5b6d40204621345e10583",
        "type": "github"
      },
      "original": {
        "dir": "common",
        "owner": "stary2001",
        "repo": "nix-flakes",
        "type": "github"
      }
    },
    "fan-control": {
      "flake": false,
      "locked": {
        "lastModified": 1669548492,
        "narHash": "sha256-qqPmOEF+r10VGz3izAnHZW6aJk1mOXy9BrpR9FvWSt0=",
        "owner": "pymumu",
        "repo": "fan-control-rock5b",
        "rev": "8419990c6c0f47a3ed0b55255d7e3591cc5fdab9",
        "type": "github"
      },
      "original": {
        "owner": "pymumu",
        "repo": "fan-control-rock5b",
        "type": "github"
      }
    },
    "kernel-src": {
      "flake": false,
      "locked": {
        "lastModified": 1670395302,
        "narHash": "sha256-IZdeXSvGips2OPTwXljGPTeR2Kpx70NGQGF0Cd9xa+0=",
        "owner": "radxa",
        "repo": "kernel",
        "rev": "ca15bbe36e6c087c96a603db7cc491a01d9a6467",
        "type": "github"
      },
      "original": {
        "owner": "radxa",
        "repo": "kernel",
        "type": "github"
      }
    },
    "nixpkgs": {
      "locked": {
        "lastModified": 1675757258,
        "narHash": "sha256-pIRer8vdsoherlRKpzfnHbMZ5TsAcvRlXHCIaHkIUbg=",
        "owner": "NixOS",
        "repo": "nixpkgs",
        "rev": "af96094e9b8eb162d70a84fa3b39f4b7a8b264d2",
        "type": "github"
      },
      "original": {
        "owner": "NixOS",
        "ref": "nixos-22.11",
        "repo": "nixpkgs",
        "type": "github"
      }
    },
    "nixpkgs-unstable": {
      "locked": {
        "lastModified": 1675763311,
        "narHash": "sha256-bz0Q2H3mxsF1CUfk26Sl9Uzi8/HFjGFD/moZHz1HebU=",
        "owner": "NixOS",
        "repo": "nixpkgs",
        "rev": "fab09085df1b60d6a0870c8a89ce26d5a4a708c2",
        "type": "github"
      },
      "original": {
        "owner": "NixOS",
        "ref": "nixos-unstable",
        "repo": "nixpkgs",
        "type": "github"
      }
    },
    "rock5b-nixos": {
      "inputs": {
        "fan-control": "fan-control",
        "kernel-src": "kernel-src",
        "nixpkgs": [
          "nixpkgs"
        ]
      },
      "locked": {
        "lastModified": 1672309501,
        "narHash": "sha256-M6LqzxQwBP9aMI1hCxfL0OwWinqx3NEXlU/8UlwtxFY=",
        "owner": "aciceri",
        "repo": "rock5b-nixos",
        "rev": "50e282f459462711be939175285a0a4c83649ab6",
        "type": "github"
      },
      "original": {
        "owner": "aciceri",
        "repo": "rock5b-nixos",
        "type": "github"
      }
    },
    "root": {
      "inputs": {
        "common": "common",
        "nixpkgs": "nixpkgs",
        "nixpkgs-unstable": "nixpkgs-unstable",
        "rock5b-nixos": "rock5b-nixos"
      }
    }
  },
  "root": "root",
  "version": 7
}
