{
  "nodes": {
    "common": {
      "inputs": {
        "nixpkgs": [
          "nixpkgs"
        ]
      },
      "locked": {
        "dir": "common",
        "lastModified": 1675937874,
        "narHash": "sha256-03MRSN0/hPD1wDTyxoGMr09tUhgfgXA+H6ROYnbiWfs=",
        "owner": "stary2001",
        "repo": "nix-flakes",
        "rev": "4ce904c89014b86252f1c3db75d665553510cb66",
        "type": "github"
      },
      "original": {
        "dir": "common",
        "owner": "stary2001",
        "repo": "nix-flakes",
        "type": "github"
      }
    },
    "nixpkgs": {
      "locked": {
        "lastModified": 1676094287,
        "narHash": "sha256-z2gc84Hs9JmzmSmQ/n3Ano/uhYPS4uF8jZPcgKDTfb8=",
        "owner": "NixOS",
        "repo": "nixpkgs",
        "rev": "103fe0800b9d739c279997561c9da9d242d5b6b8",
        "type": "github"
      },
      "original": {
        "owner": "NixOS",
        "ref": "nixos-22.11",
        "repo": "nixpkgs",
        "type": "github"
      }
    },
    "nixpkgs-unstable": {
      "locked": {
        "lastModified": 1676110339,
        "narHash": "sha256-kOS/L8OOL2odpCOM11IevfHxcUeE0vnZUQ74EOiwXcs=",
        "owner": "NixOS",
        "repo": "nixpkgs",
        "rev": "e5530aba13caff5a4f41713f1265b754dc2abfd8",
        "type": "github"
      },
      "original": {
        "owner": "NixOS",
        "ref": "nixos-unstable",
        "repo": "nixpkgs",
        "type": "github"
      }
    },
    "root": {
      "inputs": {
        "common": "common",
        "nixpkgs": "nixpkgs",
        "nixpkgs-unstable": "nixpkgs-unstable"
      }
    }
  },
  "root": "root",
  "version": 7
}
